# This file is automatically @generated by Poetry 2.1.1 and should not be changed by hand.

[[package]]
name = "flake8"
version = "7.1.2"
description = "the modular source code checker: pep8 pyflakes and co"
optional = false
python-versions = ">=3.8.1"
groups = ["dev"]
files = [
    {file = "flake8-7.1.2-py2.py3-none-any.whl", hash = "sha256:1cbc62e65536f65e6d754dfe6f1bada7f5cf392d6f5db3c2b85892466c3e7c1a"},
    {file = "flake8-7.1.2.tar.gz", hash = "sha256:c586ffd0b41540951ae41af572e6790dbd49fc12b3aa2541685d253d9bd504bd"},
]

[package.dependencies]
mccabe = ">=0.7.0,<0.8.0"
pycodestyle = ">=2.12.0,<2.13.0"
pyflakes = ">=3.2.0,<3.3.0"

[[package]]
name = "mccabe"
version = "0.7.0"
description = "McCabe checker, plugin for flake8"
optional = false
python-versions = ">=3.6"
groups = ["dev"]
files = [
    {file = "mccabe-0.7.0-py2.py3-none-any.whl", hash = "sha256:6c2d30ab6be0e4a46919781807b4f0d834ebdd6c6e3dca0bda5a15f863427b6e"},
    {file = "mccabe-0.7.0.tar.gz", hash = "sha256:348e0240c33b60bbdf4e523192ef919f28cb2c3d7d5c7794f74009290f236325"},
]

[[package]]
name = "pycodestyle"
version = "2.12.1"
description = "Python style guide checker"
optional = false
python-versions = ">=3.8"
groups = ["dev"]
files = [
    {file = "pycodestyle-2.12.1-py2.py3-none-any.whl", hash = "sha256:46f0fb92069a7c28ab7bb558f05bfc0110dac69a0cd23c61ea0040283a9d78b3"},
    {file = "pycodestyle-2.12.1.tar.gz", hash = "sha256:6838eae08bbce4f6accd5d5572075c63626a15ee3e6f842df996bf62f6d73521"},
]

[[package]]
name = "pyflakes"
version = "3.2.0"
description = "passive checker of Python programs"
optional = false
python-versions = ">=3.8"
groups = ["dev"]
files = [
    {file = "pyflakes-3.2.0-py2.py3-none-any.whl", hash = "sha256:84b5be138a2dfbb40689ca07e2152deb896a65c3a3e24c251c5c62489568074a"},
    {file = "pyflakes-3.2.0.tar.gz", hash = "sha256:1c61603ff154621fb2a9172037d84dca3500def8c8b630657d1701f026f8af3f"},
]

[[package]]
name = "z-base-32"
version = "0.1.4"
description = "z-base-32: human-oriented base-32 encoding"
optional = false
python-versions = ">=3.7"
groups = ["main"]
files = [
    {file = "z_base_32-0.1.4-cp310-cp310-macosx_10_12_x86_64.whl", hash = "sha256:8bc6874bc57becab5eb31e0eb8fc77f88f7cf42bd09e34586a1812e44c2260d1"},
    {file = "z_base_32-0.1.4-cp310-cp310-macosx_11_0_arm64.whl", hash = "sha256:482f98f19994f0ec445b85424a6d49752bcffe21443a9a94c195a99d63c0c373"},
    {file = "z_base_32-0.1.4-cp310-cp310-manylinux_2_17_aarch64.manylinux2014_aarch64.whl", hash = "sha256:18f05e6ff5cf80789496a7652897f3cbb9cd05babd42b12e136d52e29f4839e4"},
    {file = "z_base_32-0.1.4-cp310-cp310-manylinux_2_17_armv7l.manylinux2014_armv7l.whl", hash = "sha256:68043d63d586dd27d97011fd08c90d27e322785094e626dab8d4af9e1e523fda"},
    {file = "z_base_32-0.1.4-cp310-cp310-manylinux_2_17_ppc64le.manylinux2014_ppc64le.whl", hash = "sha256:d4c4bf31a4e4809dd2b9010cd107bc66cb1a7c9af6e702939e8092deeb3739c0"},
    {file = "z_base_32-0.1.4-cp310-cp310-manylinux_2_17_s390x.manylinux2014_s390x.whl", hash = "sha256:70fca4c2984a3ebfe508abf4fa7fda9bd38a9b96e5282193416422bf4e05ba66"},
    {file = "z_base_32-0.1.4-cp310-cp310-manylinux_2_17_x86_64.manylinux2014_x86_64.whl", hash = "sha256:16918e252432f6fd3be358e88b10016290ae911c29ae0cee571acf600c268041"},
    {file = "z_base_32-0.1.4-cp310-cp310-manylinux_2_5_i686.manylinux1_i686.whl", hash = "sha256:6a2b753affd1b3903d1ec7776736532b6808f0715335c0e27877b082b867e251"},
    {file = "z_base_32-0.1.4-cp310-none-win32.whl", hash = "sha256:a6d67291786a0f02a19e0f28804c93b5698d32d7694fc7e9a14d96e706a7a3ca"},
    {file = "z_base_32-0.1.4-cp310-none-win_amd64.whl", hash = "sha256:15c2cbf0a9002d66bc091b29b182ce322da37736712e9a2bc801e961b9e03969"},
    {file = "z_base_32-0.1.4-cp311-cp311-macosx_10_12_x86_64.whl", hash = "sha256:13a60ec6267245d712907cfbfacc3f9fa3d2c84c4cc07df8cd4e01d357be593c"},
    {file = "z_base_32-0.1.4-cp311-cp311-macosx_11_0_arm64.whl", hash = "sha256:85ab5c03a99fc1b4db5f077aea50e8331e4aa52accde23391b86614724fea8fc"},
    {file = "z_base_32-0.1.4-cp311-cp311-manylinux_2_17_aarch64.manylinux2014_aarch64.whl", hash = "sha256:e623a8771c827801959913162f08a243b92dfcc4b67c28e2d4a981e471c6ac32"},
    {file = "z_base_32-0.1.4-cp311-cp311-manylinux_2_17_armv7l.manylinux2014_armv7l.whl", hash = "sha256:f42896f988781be853a7ecfec9ceeb76af218f4a73fc982996e5cbb082787bf0"},
    {file = "z_base_32-0.1.4-cp311-cp311-manylinux_2_17_ppc64le.manylinux2014_ppc64le.whl", hash = "sha256:6bf85d27fcbb5a697d48d96e95016fab106e72805aaa501625544fa82124ff46"},
    {file = "z_base_32-0.1.4-cp311-cp311-manylinux_2_17_s390x.manylinux2014_s390x.whl", hash = "sha256:5d9985f12fe865d18c83dca23a89b1ce6a46beddb9293a43055d685c4e37f0fc"},
    {file = "z_base_32-0.1.4-cp311-cp311-manylinux_2_17_x86_64.manylinux2014_x86_64.whl", hash = "sha256:c1d420da28e78f08ce905a68a049dde9f36dc8c50510f4166641cf79a812e5b0"},
    {file = "z_base_32-0.1.4-cp311-cp311-manylinux_2_5_i686.manylinux1_i686.whl", hash = "sha256:b08219cda5a7b3704e7fa417c4bcd7739f2c8c39cfd1fd414e4944fbc743b2de"},
    {file = "z_base_32-0.1.4-cp311-none-win32.whl", hash = "sha256:cd131fdb3d3a83201e5ea26a7e1e3798ac89acc58cf1599dda03b3925b15d971"},
    {file = "z_base_32-0.1.4-cp311-none-win_amd64.whl", hash = "sha256:1dd8040a5d9dc9b56cb1067d2a62184adecad981a9d26c3aa4d35e2ebe9ff8c6"},
    {file = "z_base_32-0.1.4-cp312-cp312-macosx_10_12_x86_64.whl", hash = "sha256:eaa2c32523e778defefecb869982de3cd30efa2c6f00dbab025df86b3f4af564"},
    {file = "z_base_32-0.1.4-cp312-cp312-macosx_11_0_arm64.whl", hash = "sha256:a7bdf7a8b788920c3e75d1298f4230aaa001dbe0e294049a174230848e5116ea"},
    {file = "z_base_32-0.1.4-cp312-cp312-manylinux_2_17_aarch64.manylinux2014_aarch64.whl", hash = "sha256:13047daed57c5f12d232751aba946906bcf10114a41f41a7dab23208d831d19b"},
    {file = "z_base_32-0.1.4-cp312-cp312-manylinux_2_17_armv7l.manylinux2014_armv7l.whl", hash = "sha256:6daa7a4f7a89ced4b87ce4e9eeceebf71590bc6817abfb099845a6f0d4c2e347"},
    {file = "z_base_32-0.1.4-cp312-cp312-manylinux_2_17_ppc64le.manylinux2014_ppc64le.whl", hash = "sha256:ebc6a48c0d63943ad7f2c4c11227bf0b7b712df278cb0a11bb87c60f5c4a8370"},
    {file = "z_base_32-0.1.4-cp312-cp312-manylinux_2_17_s390x.manylinux2014_s390x.whl", hash = "sha256:0e0468e7d6b38e95b9e0311fb64a64a7da65e64bf7ad71c4f2a6e7ff313c2346"},
    {file = "z_base_32-0.1.4-cp312-cp312-manylinux_2_17_x86_64.manylinux2014_x86_64.whl", hash = "sha256:81fbd5192321e06599f29c3594f26de48ce1442b75d3c4da319b887d6a8fa8d7"},
    {file = "z_base_32-0.1.4-cp312-cp312-manylinux_2_5_i686.manylinux1_i686.whl", hash = "sha256:6cf87324c9814b2d275a9e52d00bf02f125bab9c51efe365efe1d65e5e119f1b"},
    {file = "z_base_32-0.1.4-cp312-none-win32.whl", hash = "sha256:2858e865cf3743e83630e0bbf33b51a7347cc6ca9394d087316380e6b3a00ff6"},
    {file = "z_base_32-0.1.4-cp312-none-win_amd64.whl", hash = "sha256:f955b8ec8c673234747d31826e3804fa2ea38e430ae62ba579113630649ce6d2"},
    {file = "z_base_32-0.1.4-cp313-cp313-manylinux_2_17_aarch64.manylinux2014_aarch64.whl", hash = "sha256:7c7adcb2a63bb2739b0e185f7e2c08109cbd1c2df22c0946d2514ce397983847"},
    {file = "z_base_32-0.1.4-cp313-cp313-manylinux_2_17_armv7l.manylinux2014_armv7l.whl", hash = "sha256:bad64f7fb4bd7c03b35111725b3c29021d61ec3aebaeb1816f644e64737874be"},
    {file = "z_base_32-0.1.4-cp313-cp313-manylinux_2_17_ppc64le.manylinux2014_ppc64le.whl", hash = "sha256:7d95e3c433718fcbc3263b996ece2a86556bff0f25b2d7b5c2c199482a2fe9ad"},
    {file = "z_base_32-0.1.4-cp313-cp313-manylinux_2_17_s390x.manylinux2014_s390x.whl", hash = "sha256:ecd457e664520c1d3fdcac3778a6e0255d85870c27f9c1e6f150bcc5ddb2d4b9"},
    {file = "z_base_32-0.1.4-cp37-cp37m-manylinux_2_17_aarch64.manylinux2014_aarch64.whl", hash = "sha256:0e57af79a8ff6869ed1171894db393d57f6b523f94500d22c9f9739d0a6c8825"},
    {file = "z_base_32-0.1.4-cp37-cp37m-manylinux_2_17_armv7l.manylinux2014_armv7l.whl", hash = "sha256:4149e2d66cc29eaed25fa6f34b63b090a741c4fe76af082805e24e41a759ba6b"},
    {file = "z_base_32-0.1.4-cp37-cp37m-manylinux_2_17_ppc64le.manylinux2014_ppc64le.whl", hash = "sha256:c656e3c36328daefddf038a75d6982690f393c1f02dae5b0d4015c3af082c03f"},
    {file = "z_base_32-0.1.4-cp37-cp37m-manylinux_2_17_s390x.manylinux2014_s390x.whl", hash = "sha256:cdb3fe698ea615f0a6df960c234c395b6366838a9437ad67d154002a6aaf3d7b"},
    {file = "z_base_32-0.1.4-cp37-cp37m-manylinux_2_17_x86_64.manylinux2014_x86_64.whl", hash = "sha256:10a51160cdd42bad0a9623b0d973d0d350d1fe69fdd7c1f27850ecd72a4b7a0f"},
    {file = "z_base_32-0.1.4-cp37-cp37m-manylinux_2_5_i686.manylinux1_i686.whl", hash = "sha256:07b7f865d16083af596067224a92875e176ab46c3683812ddc22b27a00afaf84"},
    {file = "z_base_32-0.1.4-cp37-none-win32.whl", hash = "sha256:025af84f96c3c0ef1e0954075d0c147ca76074dbca3886bde71ac98576bcede6"},
    {file = "z_base_32-0.1.4-cp37-none-win_amd64.whl", hash = "sha256:093e90b768dcd5c55c0d7dfe9fed06d0342b2f02841666e647d30141874d5142"},
    {file = "z_base_32-0.1.4-cp38-cp38-manylinux_2_17_aarch64.manylinux2014_aarch64.whl", hash = "sha256:3d586b1c2838e93398fdfb0a018f10e5f9b651e0b98579d93f07525bbed69340"},
    {file = "z_base_32-0.1.4-cp38-cp38-manylinux_2_17_armv7l.manylinux2014_armv7l.whl", hash = "sha256:0334110fc081824e314d84b6cd1ec260b71c8c86f14c6157ac47d7d23e28b93f"},
    {file = "z_base_32-0.1.4-cp38-cp38-manylinux_2_17_ppc64le.manylinux2014_ppc64le.whl", hash = "sha256:821659f3fa159b91f444255ed9efc6d3029938d5f8e098f33ddc1ebbd8492bc2"},
    {file = "z_base_32-0.1.4-cp38-cp38-manylinux_2_17_s390x.manylinux2014_s390x.whl", hash = "sha256:83af6b7a14a9261e0115d952a6ff253650d729dd9dafa23f16655adb1fdb1930"},
    {file = "z_base_32-0.1.4-cp38-cp38-manylinux_2_17_x86_64.manylinux2014_x86_64.whl", hash = "sha256:3a3d10c28e0e06da7b662cc06462d81845a6dc8767b1b55b669c06677eb1fe5a"},
    {file = "z_base_32-0.1.4-cp38-cp38-manylinux_2_5_i686.manylinux1_i686.whl", hash = "sha256:20630c4f0d5a17816fb875c0e03fe535c6a8d6ecb5633cffb290f8d84005d54a"},
    {file = "z_base_32-0.1.4-cp38-none-win32.whl", hash = "sha256:75411cacfeb478637e53544a5bdae6c897ee5e359eb1d433566a660d33ba1df9"},
    {file = "z_base_32-0.1.4-cp38-none-win_amd64.whl", hash = "sha256:a744740c72a7d11181974c51d3d867f0fc9d538f5401618cea05fda262344e94"},
    {file = "z_base_32-0.1.4-cp39-cp39-manylinux_2_17_aarch64.manylinux2014_aarch64.whl", hash = "sha256:6451f8e627e605f23fe5eb4450db0d0fc8bff8cb74534239cae04ba640155aa0"},
    {file = "z_base_32-0.1.4-cp39-cp39-manylinux_2_17_armv7l.manylinux2014_armv7l.whl", hash = "sha256:266eac0f36bccc2c7c4e74984bba912d7875cf344d00c3fe29e2225a16204a5d"},
    {file = "z_base_32-0.1.4-cp39-cp39-manylinux_2_17_ppc64le.manylinux2014_ppc64le.whl", hash = "sha256:15c63bcd039d2b29d0ced70e997b9d8f7f1cb9bd9b15a62c67825440611429e0"},
    {file = "z_base_32-0.1.4-cp39-cp39-manylinux_2_17_s390x.manylinux2014_s390x.whl", hash = "sha256:4e06fae4da74e1ae2482ee064cafa302392643c3f7a864138c0199575ed12094"},
    {file = "z_base_32-0.1.4-cp39-cp39-manylinux_2_17_x86_64.manylinux2014_x86_64.whl", hash = "sha256:49f8d01571088cf705e52aa58d90694e7bc719a81acc9505ee74f2e7d5ca73b0"},
    {file = "z_base_32-0.1.4-cp39-cp39-manylinux_2_5_i686.manylinux1_i686.whl", hash = "sha256:9b067efae29e736f92b945ed0e1c33d82d1bb348436e4d4f029824b0463084a0"},
    {file = "z_base_32-0.1.4-cp39-none-win32.whl", hash = "sha256:b3eea4cfe49be4379ce874d6bd6ad2405b608c35ec7ae497e53d1bceee4c3018"},
    {file = "z_base_32-0.1.4-cp39-none-win_amd64.whl", hash = "sha256:051c72252838b0fc5b6e67f618920d37e0705461d905bed4b9346ec9d40988a6"},
    {file = "z_base_32-0.1.4-pp310-pypy310_pp73-manylinux_2_17_aarch64.manylinux2014_aarch64.whl", hash = "sha256:fa737ae6b31e84229a12ef307f8ef8d8afc74996888c33d9650c71c20105d18c"},
    {file = "z_base_32-0.1.4-pp310-pypy310_pp73-manylinux_2_17_armv7l.manylinux2014_armv7l.whl", hash = "sha256:fb5d55bd445120142c8cb45c626d0e65b2733c8322376952f1f737597fb6d106"},
    {file = "z_base_32-0.1.4-pp310-pypy310_pp73-manylinux_2_17_ppc64le.manylinux2014_ppc64le.whl", hash = "sha256:c9a5fcdff7ca949a1fb3b90f13ce5f9d4a0e0f7a7848aadce3efa464747d3f71"},
    {file = "z_base_32-0.1.4-pp310-pypy310_pp73-manylinux_2_17_s390x.manylinux2014_s390x.whl", hash = "sha256:8a6aee0455437e9e45189d43d819fa9cef8bc3882961bac78511f83934237d38"},
    {file = "z_base_32-0.1.4-pp310-pypy310_pp73-manylinux_2_17_x86_64.manylinux2014_x86_64.whl", hash = "sha256:e50d80ec0ba445b4c740c9f7132789c107c499bead0c3ed6363e54505c220b4e"},
    {file = "z_base_32-0.1.4-pp310-pypy310_pp73-manylinux_2_5_i686.manylinux1_i686.whl", hash = "sha256:43ac3b33799f7baa359d8d92fd4512c4c03554f509e51e16f2c5f30db71833c2"},
    {file = "z_base_32-0.1.4-pp37-pypy37_pp73-manylinux_2_17_aarch64.manylinux2014_aarch64.whl", hash = "sha256:a51e32a980293894618c11496e146a6884c4933004fed119aa38955c1719d71e"},
    {file = "z_base_32-0.1.4-pp37-pypy37_pp73-manylinux_2_17_armv7l.manylinux2014_armv7l.whl", hash = "sha256:2de045e431a3c976668ca70457312896435c985d1d00d302f75aea1e66600136"},
    {file = "z_base_32-0.1.4-pp37-pypy37_pp73-manylinux_2_17_ppc64le.manylinux2014_ppc64le.whl", hash = "sha256:8dc19752bebaca7092fba9dcbea3b8e290e0f099829a2a971d83467fceeb1700"},
    {file = "z_base_32-0.1.4-pp37-pypy37_pp73-manylinux_2_17_s390x.manylinux2014_s390x.whl", hash = "sha256:65654bbfce153e9a666792404f03d41a48e3604e1ef129bcd7ae6ffe0d527e95"},
    {file = "z_base_32-0.1.4-pp37-pypy37_pp73-manylinux_2_17_x86_64.manylinux2014_x86_64.whl", hash = "sha256:ba7022bea4403be5a9b50fe0f3a94e2d836c76f89658d71f9c06a6285388faa2"},
    {file = "z_base_32-0.1.4-pp37-pypy37_pp73-manylinux_2_5_i686.manylinux1_i686.whl", hash = "sha256:2736801bb0ba676ecb023ef9266077dd1c281b049565f3e2983c002aa1f82445"},
    {file = "z_base_32-0.1.4-pp38-pypy38_pp73-manylinux_2_17_aarch64.manylinux2014_aarch64.whl", hash = "sha256:fddeb57d92544908ec3e47478b8a752d2eb13cc78bca8579c7f8f7ca0dcc0778"},
    {file = "z_base_32-0.1.4-pp38-pypy38_pp73-manylinux_2_17_armv7l.manylinux2014_armv7l.whl", hash = "sha256:9bbbf588f37de0dc3a368871f5e2f9f9c0799a8d7a80f76b4976581d83b3f269"},
    {file = "z_base_32-0.1.4-pp38-pypy38_pp73-manylinux_2_17_ppc64le.manylinux2014_ppc64le.whl", hash = "sha256:694fc6ddcdeb9507b7016e396336d7e8d0a6f5daa924e2a8fdf0e8f7b8c79fe2"},
    {file = "z_base_32-0.1.4-pp38-pypy38_pp73-manylinux_2_17_s390x.manylinux2014_s390x.whl", hash = "sha256:ed683626b7f9ef23afc225973d0d06d34f48792e501e4f919d5442ab12594d0c"},
    {file = "z_base_32-0.1.4-pp38-pypy38_pp73-manylinux_2_17_x86_64.manylinux2014_x86_64.whl", hash = "sha256:a161e9afebf6b71224c3ff1d75de65128870a1fed6cd7920abd2ea08ec848ef3"},
    {file = "z_base_32-0.1.4-pp38-pypy38_pp73-manylinux_2_5_i686.manylinux1_i686.whl", hash = "sha256:a9d95f17aa34dd15407ab00e4f89078fbba1338430ddd1842d44996dc4146486"},
    {file = "z_base_32-0.1.4-pp39-pypy39_pp73-manylinux_2_17_aarch64.manylinux2014_aarch64.whl", hash = "sha256:9a3e08f4954de25b366a276520a51f576ae07e55bc076ce4e31b4d0f3e5cc541"},
    {file = "z_base_32-0.1.4-pp39-pypy39_pp73-manylinux_2_17_armv7l.manylinux2014_armv7l.whl", hash = "sha256:38345ce1b0334a7d0e76b5bce0518500b18898a04f66143eb321537e20c8ea1b"},
    {file = "z_base_32-0.1.4-pp39-pypy39_pp73-manylinux_2_17_ppc64le.manylinux2014_ppc64le.whl", hash = "sha256:cbecbbec114e011dd7d68dafeb423fd7f6508e6ff45c63cf9abaa2210e1cb615"},
    {file = "z_base_32-0.1.4-pp39-pypy39_pp73-manylinux_2_17_s390x.manylinux2014_s390x.whl", hash = "sha256:a8d83dfd41fd1057872fdb2768931764facbafe2bea38f8e06b8092f0a4f4d65"},
    {file = "z_base_32-0.1.4-pp39-pypy39_pp73-manylinux_2_17_x86_64.manylinux2014_x86_64.whl", hash = "sha256:11ad9625c31e518726aceb44452d69909d9a60e1fe197dc1548855f10b604242"},
    {file = "z_base_32-0.1.4-pp39-pypy39_pp73-manylinux_2_5_i686.manylinux1_i686.whl", hash = "sha256:8550d043693f345873c7a4d8f4afcaad427639523892a1cec2aea805bc2745b9"},
    {file = "z_base_32-0.1.4.tar.gz", hash = "sha256:ea800abd0324bb6f6d89b2b46f5b943addf64e76f3712200f97ecfb943fd3e11"},
]

[metadata]
lock-version = "2.1"
python-versions = ">=3.11"
content-hash = "1a147f0196c7da7081cf2a679d1bde6dabeea49e2b5569729637623102ea60ae"
